
Microsoft Visual Studio Solution File, Format Version 12.00
# Visual Studio Version 16
VisualStudioVersion = 16.0.30114.105
MinimumVisualStudioVersion = 10.0.40219.1
Project("{FAE04EC0-301F-11D3-BF4B-00C04F79EFBC}") = "PortfolioApi", "Api\PortfolioApi.csproj", "{3D41F5DC-CBED-4EA3-8B68-F0895D92153D}"
EndProject
Project("{FAE04EC0-301F-11D3-BF4B-00C04F79EFBC}") = "Facades", "Facades\Facades.csproj", "{CA8DAE28-C772-429C-B13E-A69603E51299}"
EndProject
Project("{FAE04EC0-301F-11D3-BF4B-00C04F79EFBC}") = "Models", "Models\Models.csproj", "{2118C943-EB23-4BC6-829E-C9676CFFEFAF}"
EndProject
Project("{FAE04EC0-301F-11D3-BF4B-00C04F79EFBC}") = "Services", "Services\Services.csproj", "{CF5677B3-C04F-4BDF-97CF-55537E7EFE4C}"
EndProject
Project("{FAE04EC0-301F-11D3-BF4B-00C04F79EFBC}") = "Tests", "Tests\Tests.csproj", "{F81DAC26-2ED9-4233-8B7E-A5E2AD61F6A3}"
EndProject
Global
	GlobalSection(SolutionConfigurationPlatforms) = preSolution
		Debug|Any CPU = Debug|Any CPU
		Release|Any CPU = Release|Any CPU
	EndGlobalSection
	GlobalSection(SolutionProperties) = preSolution
		HideSolutionNode = FALSE
	EndGlobalSection
	GlobalSection(ProjectConfigurationPlatforms) = postSolution
		{3D41F5DC-CBED-4EA3-8B68-F0895D92153D}.Debug|Any CPU.ActiveCfg = Debug|Any CPU
		{3D41F5DC-CBED-4EA3-8B68-F0895D92153D}.Debug|Any CPU.Build.0 = Debug|Any CPU
		{3D41F5DC-CBED-4EA3-8B68-F0895D92153D}.Release|Any CPU.ActiveCfg = Release|Any CPU
		{3D41F5DC-CBED-4EA3-8B68-F0895D92153D}.Release|Any CPU.Build.0 = Release|Any CPU
		{CA8DAE28-C772-429C-B13E-A69603E51299}.Debug|Any CPU.ActiveCfg = Debug|Any CPU
		{CA8DAE28-C772-429C-B13E-A69603E51299}.Debug|Any CPU.Build.0 = Debug|Any CPU
		{CA8DAE28-C772-429C-B13E-A69603E51299}.Release|Any CPU.ActiveCfg = Release|Any CPU
		{CA8DAE28-C772-429C-B13E-A69603E51299}.Release|Any CPU.Build.0 = Release|Any CPU
		{2118C943-EB23-4BC6-829E-C9676CFFEFAF}.Debug|Any CPU.ActiveCfg = Debug|Any CPU
		{2118C943-EB23-4BC6-829E-C9676CFFEFAF}.Debug|Any CPU.Build.0 = Debug|Any CPU
		{2118C943-EB23-4BC6-829E-C9676CFFEFAF}.Release|Any CPU.ActiveCfg = Release|Any CPU
		{2118C943-EB23-4BC6-829E-C9676CFFEFAF}.Release|Any CPU.Build.0 = Release|Any CPU
		{CF5677B3-C04F-4BDF-97CF-55537E7EFE4C}.Debug|Any CPU.ActiveCfg = Debug|Any CPU
		{CF5677B3-C04F-4BDF-97CF-55537E7EFE4C}.Debug|Any CPU.Build.0 = Debug|Any CPU
		{CF5677B3-C04F-4BDF-97CF-55537E7EFE4C}.Release|Any CPU.ActiveCfg = Release|Any CPU
		{CF5677B3-C04F-4BDF-97CF-55537E7EFE4C}.Release|Any CPU.Build.0 = Release|Any CPU
		{F81DAC26-2ED9-4233-8B7E-A5E2AD61F6A3}.Debug|Any CPU.ActiveCfg = Debug|Any CPU
		{F81DAC26-2ED9-4233-8B7E-A5E2AD61F6A3}.Debug|Any CPU.Build.0 = Debug|Any CPU
		{F81DAC26-2ED9-4233-8B7E-A5E2AD61F6A3}.Release|Any CPU.ActiveCfg = Release|Any CPU
		{F81DAC26-2ED9-4233-8B7E-A5E2AD61F6A3}.Release|Any CPU.Build.0 = Release|Any CPU
	EndGlobalSection
EndGlobal
